
Microsoft Visual Studio Solution File, Format Version 12.00
# Visual Studio 15
VisualStudioVersion = 15.0.28307.421
MinimumVisualStudioVersion = 10.0.40219.1
Project("{FAE04EC0-301F-11D3-BF4B-00C04F79EFBC}") = "Psyche_Game.Android", "Psyche_Game\Psyche_Game.Android\Psyche_Game.Android.csproj", "{88B96B08-159E-4CFE-A7E7-507FDF243950}"
EndProject
Project("{FAE04EC0-301F-11D3-BF4B-00C04F79EFBC}") = "Psyche_Game.iOS", "Psyche_Game\Psyche_Game.iOS\Psyche_Game.iOS.csproj", "{047F26FB-1E03-49B4-B903-AE00C25ED289}"
EndProject
Project("{9A19103F-16F7-4668-BE54-9A1E7A4F7556}") = "Psyche_Game", "Psyche_Game\Psyche_Game\Psyche_Game.csproj", "{0EFD6213-9F9A-4257-9700-C0339086E49F}"
EndProject
Global
	GlobalSection(SolutionConfigurationPlatforms) = preSolution
		Ad-Hoc|Any CPU = Ad-Hoc|Any CPU
		Ad-Hoc|iPhone = Ad-Hoc|iPhone
		Ad-Hoc|iPhoneSimulator = Ad-Hoc|iPhoneSimulator
		AppStore|Any CPU = AppStore|Any CPU
		AppStore|iPhone = AppStore|iPhone
		AppStore|iPhoneSimulator = AppStore|iPhoneSimulator
		Debug|Any CPU = Debug|Any CPU
		Debug|iPhone = Debug|iPhone
		Debug|iPhoneSimulator = Debug|iPhoneSimulator
		Release|Any CPU = Release|Any CPU
		Release|iPhone = Release|iPhone
		Release|iPhoneSimulator = Release|iPhoneSimulator
	EndGlobalSection
	GlobalSection(ProjectConfigurationPlatforms) = postSolution
		{88B96B08-159E-4CFE-A7E7-507FDF243950}.Ad-Hoc|Any CPU.ActiveCfg = Release|Any CPU
		{88B96B08-159E-4CFE-A7E7-507FDF243950}.Ad-Hoc|Any CPU.Build.0 = Release|Any CPU
		{88B96B08-159E-4CFE-A7E7-507FDF243950}.Ad-Hoc|Any CPU.Deploy.0 = Release|Any CPU
		{88B96B08-159E-4CFE-A7E7-507FDF243950}.Ad-Hoc|iPhone.ActiveCfg = Release|Any CPU
		{88B96B08-159E-4CFE-A7E7-507FDF243950}.Ad-Hoc|iPhone.Build.0 = Release|Any CPU
		{88B96B08-159E-4CFE-A7E7-507FDF243950}.Ad-Hoc|iPhone.Deploy.0 = Release|Any CPU
		{88B96B08-159E-4CFE-A7E7-507FDF243950}.Ad-Hoc|iPhoneSimulator.ActiveCfg = Release|Any CPU
		{88B96B08-159E-4CFE-A7E7-507FDF243950}.Ad-Hoc|iPhoneSimulator.Build.0 = Release|Any CPU
		{88B96B08-159E-4CFE-A7E7-507FDF243950}.Ad-Hoc|iPhoneSimulator.Deploy.0 = Release|Any CPU
		{88B96B08-159E-4CFE-A7E7-507FDF243950}.AppStore|Any CPU.ActiveCfg = Release|Any CPU
		{88B96B08-159E-4CFE-A7E7-507FDF243950}.AppStore|Any CPU.Build.0 = Release|Any CPU
		{88B96B08-159E-4CFE-A7E7-507FDF243950}.AppStore|Any CPU.Deploy.0 = Release|Any CPU
		{88B96B08-159E-4CFE-A7E7-507FDF243950}.AppStore|iPhone.ActiveCfg = Release|Any CPU
		{88B96B08-159E-4CFE-A7E7-507FDF243950}.AppStore|iPhone.Build.0 = Release|Any CPU
		{88B96B08-159E-4CFE-A7E7-507FDF243950}.AppStore|iPhone.Deploy.0 = Release|Any CPU
		{88B96B08-159E-4CFE-A7E7-507FDF243950}.AppStore|iPhoneSimulator.ActiveCfg = Release|Any CPU
		{88B96B08-159E-4CFE-A7E7-507FDF243950}.AppStore|iPhoneSimulator.Build.0 = Release|Any CPU
		{88B96B08-159E-4CFE-A7E7-507FDF243950}.AppStore|iPhoneSimulator.Deploy.0 = Release|Any CPU
		{88B96B08-159E-4CFE-A7E7-507FDF243950}.Debug|Any CPU.ActiveCfg = Debug|Any CPU
		{88B96B08-159E-4CFE-A7E7-507FDF243950}.Debug|Any CPU.Build.0 = Debug|Any CPU
		{88B96B08-159E-4CFE-A7E7-507FDF243950}.Debug|Any CPU.Deploy.0 = Debug|Any CPU
		{88B96B08-159E-4CFE-A7E7-507FDF243950}.Debug|iPhone.ActiveCfg = Debug|Any CPU
		{88B96B08-159E-4CFE-A7E7-507FDF243950}.Debug|iPhone.Build.0 = Debug|Any CPU
		{88B96B08-159E-4CFE-A7E7-507FDF243950}.Debug|iPhone.Deploy.0 = Debug|Any CPU
		{88B96B08-159E-4CFE-A7E7-507FDF243950}.Debug|iPhoneSimulator.ActiveCfg = Debug|Any CPU
		{88B96B08-159E-4CFE-A7E7-507FDF243950}.Debug|iPhoneSimulator.Build.0 = Debug|Any CPU
		{88B96B08-159E-4CFE-A7E7-507FDF243950}.Debug|iPhoneSimulator.Deploy.0 = Debug|Any CPU
		{88B96B08-159E-4CFE-A7E7-507FDF243950}.Release|Any CPU.ActiveCfg = Release|Any CPU
		{88B96B08-159E-4CFE-A7E7-507FDF243950}.Release|Any CPU.Build.0 = Release|Any CPU
		{88B96B08-159E-4CFE-A7E7-507FDF243950}.Release|Any CPU.Deploy.0 = Release|Any CPU
		{88B96B08-159E-4CFE-A7E7-507FDF243950}.Release|iPhone.ActiveCfg = Release|Any CPU
		{88B96B08-159E-4CFE-A7E7-507FDF243950}.Release|iPhone.Build.0 = Release|Any CPU
		{88B96B08-159E-4CFE-A7E7-507FDF243950}.Release|iPhone.Deploy.0 = Release|Any CPU
		{88B96B08-159E-4CFE-A7E7-507FDF243950}.Release|iPhoneSimulator.ActiveCfg = Release|Any CPU
		{88B96B08-159E-4CFE-A7E7-507FDF243950}.Release|iPhoneSimulator.Build.0 = Release|Any CPU
		{88B96B08-159E-4CFE-A7E7-507FDF243950}.Release|iPhoneSimulator.Deploy.0 = Release|Any CPU
		{047F26FB-1E03-49B4-B903-AE00C25ED289}.Ad-Hoc|Any CPU.ActiveCfg = Ad-Hoc|iPhone
		{047F26FB-1E03-49B4-B903-AE00C25ED289}.Ad-Hoc|Any CPU.Build.0 = Ad-Hoc|iPhone
		{047F26FB-1E03-49B4-B903-AE00C25ED289}.Ad-Hoc|Any CPU.Deploy.0 = Ad-Hoc|iPhone
		{047F26FB-1E03-49B4-B903-AE00C25ED289}.Ad-Hoc|iPhone.ActiveCfg = Ad-Hoc|iPhone
		{047F26FB-1E03-49B4-B903-AE00C25ED289}.Ad-Hoc|iPhone.Build.0 = Ad-Hoc|iPhone
		{047F26FB-1E03-49B4-B903-AE00C25ED289}.Ad-Hoc|iPhone.Deploy.0 = Ad-Hoc|iPhone
		{047F26FB-1E03-49B4-B903-AE00C25ED289}.Ad-Hoc|iPhoneSimulator.ActiveCfg = Ad-Hoc|iPhoneSimulator
		{047F26FB-1E03-49B4-B903-AE00C25ED289}.Ad-Hoc|iPhoneSimulator.Build.0 = Ad-Hoc|iPhoneSimulator
		{047F26FB-1E03-49B4-B903-AE00C25ED289}.Ad-Hoc|iPhoneSimulator.Deploy.0 = Ad-Hoc|iPhoneSimulator
		{047F26FB-1E03-49B4-B903-AE00C25ED289}.AppStore|Any CPU.ActiveCfg = AppStore|iPhone
		{047F26FB-1E03-49B4-B903-AE00C25ED289}.AppStore|Any CPU.Build.0 = AppStore|iPhone
		{047F26FB-1E03-49B4-B903-AE00C25ED289}.AppStore|Any CPU.Deploy.0 = AppStore|iPhone
		{047F26FB-1E03-49B4-B903-AE00C25ED289}.AppStore|iPhone.ActiveCfg = AppStore|iPhone
		{047F26FB-1E03-49B4-B903-AE00C25ED289}.AppStore|iPhone.Build.0 = AppStore|iPhone
		{047F26FB-1E03-49B4-B903-AE00C25ED289}.AppStore|iPhone.Deploy.0 = AppStore|iPhone
		{047F26FB-1E03-49B4-B903-AE00C25ED289}.AppStore|iPhoneSimulator.ActiveCfg = AppStore|iPhoneSimulator
		{047F26FB-1E03-49B4-B903-AE00C25ED289}.AppStore|iPhoneSimulator.Build.0 = AppStore|iPhoneSimulator
		{047F26FB-1E03-49B4-B903-AE00C25ED289}.AppStore|iPhoneSimulator.Deploy.0 = AppStore|iPhoneSimulator
		{047F26FB-1E03-49B4-B903-AE00C25ED289}.Debug|Any CPU.ActiveCfg = Debug|iPhoneSimulator
		{047F26FB-1E03-49B4-B903-AE00C25ED289}.Debug|Any CPU.Deploy.0 = Debug|iPhoneSimulator
		{047F26FB-1E03-49B4-B903-AE00C25ED289}.Debug|iPhone.ActiveCfg = Debug|iPhone
		{047F26FB-1E03-49B4-B903-AE00C25ED289}.Debug|iPhone.Build.0 = Debug|iPhone
		{047F26FB-1E03-49B4-B903-AE00C25ED289}.Debug|iPhone.Deploy.0 = Debug|iPhone
		{047F26FB-1E03-49B4-B903-AE00C25ED289}.Debug|iPhoneSimulator.ActiveCfg = Debug|iPhoneSimulator
		{047F26FB-1E03-49B4-B903-AE00C25ED289}.Debug|iPhoneSimulator.Build.0 = Debug|iPhoneSimulator
		{047F26FB-1E03-49B4-B903-AE00C25ED289}.Debug|iPhoneSimulator.Deploy.0 = Debug|iPhoneSimulator
		{047F26FB-1E03-49B4-B903-AE00C25ED289}.Release|Any CPU.ActiveCfg = Release|iPhone
		{047F26FB-1E03-49B4-B903-AE00C25ED289}.Release|Any CPU.Build.0 = Release|iPhone
		{047F26FB-1E03-49B4-B903-AE00C25ED289}.Release|Any CPU.Deploy.0 = Release|iPhone
		{047F26FB-1E03-49B4-B903-AE00C25ED289}.Release|iPhone.ActiveCfg = Release|iPhone
		{047F26FB-1E03-49B4-B903-AE00C25ED289}.Release|iPhone.Build.0 = Release|iPhone
		{047F26FB-1E03-49B4-B903-AE00C25ED289}.Release|iPhone.Deploy.0 = Release|iPhone
		{047F26FB-1E03-49B4-B903-AE00C25ED289}.Release|iPhoneSimulator.ActiveCfg = Release|iPhoneSimulator
		{047F26FB-1E03-49B4-B903-AE00C25ED289}.Release|iPhoneSimulator.Build.0 = Release|iPhoneSimulator
		{047F26FB-1E03-49B4-B903-AE00C25ED289}.Release|iPhoneSimulator.Deploy.0 = Release|iPhoneSimulator
		{0EFD6213-9F9A-4257-9700-C0339086E49F}.Ad-Hoc|Any CPU.ActiveCfg = Debug|Any CPU
		{0EFD6213-9F9A-4257-9700-C0339086E49F}.Ad-Hoc|Any CPU.Build.0 = Debug|Any CPU
		{0EFD6213-9F9A-4257-9700-C0339086E49F}.Ad-Hoc|Any CPU.Deploy.0 = Debug|Any CPU
		{0EFD6213-9F9A-4257-9700-C0339086E49F}.Ad-Hoc|iPhone.ActiveCfg = Debug|Any CPU
		{0EFD6213-9F9A-4257-9700-C0339086E49F}.Ad-Hoc|iPhone.Build.0 = Debug|Any CPU
		{0EFD6213-9F9A-4257-9700-C0339086E49F}.Ad-Hoc|iPhone.Deploy.0 = Debug|Any CPU
		{0EFD6213-9F9A-4257-9700-C0339086E49F}.Ad-Hoc|iPhoneSimulator.ActiveCfg = Debug|Any CPU
		{0EFD6213-9F9A-4257-9700-C0339086E49F}.Ad-Hoc|iPhoneSimulator.Build.0 = Debug|Any CPU
		{0EFD6213-9F9A-4257-9700-C0339086E49F}.Ad-Hoc|iPhoneSimulator.Deploy.0 = Debug|Any CPU
		{0EFD6213-9F9A-4257-9700-C0339086E49F}.AppStore|Any CPU.ActiveCfg = Debug|Any CPU
		{0EFD6213-9F9A-4257-9700-C0339086E49F}.AppStore|Any CPU.Build.0 = Debug|Any CPU
		{0EFD6213-9F9A-4257-9700-C0339086E49F}.AppStore|Any CPU.Deploy.0 = Debug|Any CPU
		{0EFD6213-9F9A-4257-9700-C0339086E49F}.AppStore|iPhone.ActiveCfg = Debug|Any CPU
		{0EFD6213-9F9A-4257-9700-C0339086E49F}.AppStore|iPhone.Build.0 = Debug|Any CPU
		{0EFD6213-9F9A-4257-9700-C0339086E49F}.AppStore|iPhone.Deploy.0 = Debug|Any CPU
		{0EFD6213-9F9A-4257-9700-C0339086E49F}.AppStore|iPhoneSimulator.ActiveCfg = Debug|Any CPU
		{0EFD6213-9F9A-4257-9700-C0339086E49F}.AppStore|iPhoneSimulator.Build.0 = Debug|Any CPU
		{0EFD6213-9F9A-4257-9700-C0339086E49F}.AppStore|iPhoneSimulator.Deploy.0 = Debug|Any CPU
		{0EFD6213-9F9A-4257-9700-C0339086E49F}.Debug|Any CPU.ActiveCfg = Debug|Any CPU
		{0EFD6213-9F9A-4257-9700-C0339086E49F}.Debug|Any CPU.Deploy.0 = Debug|Any CPU
		{0EFD6213-9F9A-4257-9700-C0339086E49F}.Debug|iPhone.ActiveCfg = Debug|Any CPU
		{0EFD6213-9F9A-4257-9700-C0339086E49F}.Debug|iPhone.Build.0 = Debug|Any CPU
		{0EFD6213-9F9A-4257-9700-C0339086E49F}.Debug|iPhone.Deploy.0 = Debug|Any CPU
		{0EFD6213-9F9A-4257-9700-C0339086E49F}.Debug|iPhoneSimulator.ActiveCfg = Debug|Any CPU
		{0EFD6213-9F9A-4257-9700-C0339086E49F}.Debug|iPhoneSimulator.Build.0 = Debug|Any CPU
		{0EFD6213-9F9A-4257-9700-C0339086E49F}.Debug|iPhoneSimulator.Deploy.0 = Debug|Any CPU
		{0EFD6213-9F9A-4257-9700-C0339086E49F}.Release|Any CPU.ActiveCfg = Release|Any CPU
		{0EFD6213-9F9A-4257-9700-C0339086E49F}.Release|Any CPU.Build.0 = Release|Any CPU
		{0EFD6213-9F9A-4257-9700-C0339086E49F}.Release|Any CPU.Deploy.0 = Release|Any CPU
		{0EFD6213-9F9A-4257-9700-C0339086E49F}.Release|iPhone.ActiveCfg = Release|Any CPU
		{0EFD6213-9F9A-4257-9700-C0339086E49F}.Release|iPhone.Build.0 = Release|Any CPU
		{0EFD6213-9F9A-4257-9700-C0339086E49F}.Release|iPhone.Deploy.0 = Release|Any CPU
		{0EFD6213-9F9A-4257-9700-C0339086E49F}.Release|iPhoneSimulator.ActiveCfg = Release|Any CPU
		{0EFD6213-9F9A-4257-9700-C0339086E49F}.Release|iPhoneSimulator.Build.0 = Release|Any CPU
		{0EFD6213-9F9A-4257-9700-C0339086E49F}.Release|iPhoneSimulator.Deploy.0 = Release|Any CPU
	EndGlobalSection
	GlobalSection(SolutionProperties) = preSolution
		HideSolutionNode = FALSE
	EndGlobalSection
	GlobalSection(ExtensibilityGlobals) = postSolution
		SolutionGuid = {79097323-D3D9-4394-AF08-72208F9D2879}
	EndGlobalSection
EndGlobal
